# This file is autogenerated, do not edit; changes may be undone by the next 'dep ensure'.


[[projects]]
  branch = "master"
  name = "github.com/btcsuite/btcd"
  packages = ["btcec"]
  revision = "2be2f12b358dc57d70b8f501b00be450192efbc3"

[[projects]]
  name = "github.com/davecgh/go-spew"
  packages = ["spew"]
  revision = "346938d642f2ec3594ed81d874461961cd0faa76"
  version = "v1.1.0"

[[projects]]
  name = "github.com/decred/dcrd"
  packages = ["dcrec/secp256k1"]
  revision = "008e80bf8668544de4200a08927e95e5926439a0"
  version = "v1.1.2"

[[projects]]
  name = "github.com/ethereum/go-ethereum"
  packages = [
    "common",
    "common/hexutil",
    "crypto/sha3"
  ]
  revision = "329ac18ef617d0238f71637bffe78f028b0f13f7"
  version = "v1.8.3"

[solve-meta]
  analyzer-name = "dep"
  analyzer-version = 1
  inputs-digest = "a1b37d3da503dace0cdaa89ab0f584509a21aff019a38216c9f1c17106c060bf"
  solver-name = "gps-cdcl"
  solver-version = 1
